[{<<"color">>,
  {git,"https://github.com/julianduque/erlang-color.git",
       {ref,"e60f6302f795220f5f0bee86391ffee5274edec0"}},
  0},
 {<<"cowboy">>,
  {git,"https://github.com/ninenines/cowboy.git",
       {ref,"341f991d58fde702f68fa9d0076ad6dc2f942917"}},
  0},
 {<<"cowlib">>,
  {git,"git://github.com/ninenines/cowlib.git",
       {ref,"14e597baa42a436469f99661ed7994685e269dc2"}},
  1},
 {<<"erlang_localtime">>,
  {git,"git://github.com/choptastic/erlang_localtime.git",
       {ref,"553e3587284c5a671026cb554e613e2895a81720"}},
  1},
 {<<"erlware_commons">>,
  {git,"git://github.com/erlware/erlware_commons.git",
       {ref,"83adceaa1abc1af5358a61601b17d10c43e6d7a1"}},
  1},
 {<<"getopt">>,
  {git,"https://github.com/jcomellas/getopt.git",
       {ref,"388dc95caa7fb97ec7db8cfc39246a36aba61bd8"}},
  0},
 {<<"gun">>,
  {git,"git://github.com/extend/gun.git",
       {ref,"427230d6f94f5b8a396fd504a73d73d1d65ab0a7"}},
  1},
 {<<"jiffy">>,
  {git,"https://github.com/sergium/jiffy.git",
       {ref,"7e78a91ca001e1127007851aacf484654a56b8fb"}},
  0},
 {<<"qdate">>,
  {git,"https://github.com/choptastic/qdate.git",
       {ref,"c4c20db81525aa15966f0df22ac3fc315b72c81a"}},
  0},
 {<<"ranch">>,
  {git,"git://github.com/ninenines/ranch.git",
       {ref,"adf1822defc2b7cfdc7aca112adabfa1d614043c"}},
  1},
 {<<"shotgun">>,
  {git,"https://github.com/inaka/shotgun.git",
       {ref,"25b1d59a6abe2f6b11f8ca56e10f9451609f8ccc"}},
  0},
 {<<"yamerl">>,
  {git,"https://github.com/yakaz/yamerl.git",
       {ref,"ae810a808817d9482b4628ae3e20d746e3729fe0"}},
  0}].
