[{<<"cowboy">>,
  {git,"https://github.com/ninenines/cowboy.git",
       {ref,"341f991d58fde702f68fa9d0076ad6dc2f942917"}},
  0},
 {<<"cowlib">>,
  {git,"git://github.com/ninenines/cowlib.git",
       {ref,"14e597baa42a436469f99661ed7994685e269dc2"}},
  1},
 {<<"gun">>,
  {git,"git://github.com/extend/gun.git",
       {ref,"427230d6f94f5b8a396fd504a73d73d1d65ab0a7"}},
  1},
 {<<"jiffy">>,
  {git,"https://github.com/sergium/jiffy.git",
       {ref,"7e78a91ca001e1127007851aacf484654a56b8fb"}},
  0},
 {<<"ranch">>,
  {git,"git://github.com/ninenines/ranch.git",
       {ref,"adf1822defc2b7cfdc7aca112adabfa1d614043c"}},
  1},
 {<<"shotgun">>,
  {git,"https://github.com/inaka/shotgun.git",
       {ref,"25b1d59a6abe2f6b11f8ca56e10f9451609f8ccc"}},
  0}].
